{
  "name": "snouter",
  "lockfileVersion": 2,
  "requires": true,
  "packages": {
    "": {
      "devDependencies": {
        "turbo": "^1.10.6"
      }
    },
    "node_modules/turbo": {
      "version": "1.10.6",
      "resolved": "https://registry.npmjs.org/turbo/-/turbo-1.10.6.tgz",
      "integrity": "sha512-0/wbjw4HvmPP1abVWHTdeFRfCA9cn5oxCPP5bDixagLzvDgGWE3xfdlsyGmq779Ekr9vjtDPgC2Y4JlXEhyryw==",
      "dev": true,
      "hasInstallScript": true,
      "bin": {
        "turbo": "bin/turbo"
      },
      "optionalDependencies": {
        "turbo-darwin-64": "1.10.6",
        "turbo-darwin-arm64": "1.10.6",
        "turbo-linux-64": "1.10.6",
        "turbo-linux-arm64": "1.10.6",
        "turbo-windows-64": "1.10.6",
        "turbo-windows-arm64": "1.10.6"
      }
    },
    "node_modules/turbo-darwin-64": {
      "version": "1.10.6",
      "resolved": "https://registry.npmjs.org/turbo-darwin-64/-/turbo-darwin-64-1.10.6.tgz",
      "integrity": "sha512-s2Gc7i9Ud+H9GDcrGJjPIyscJfzDGQ6il4Sl2snfvwngJs4/TaqKuBoX3HNt/7F4NiFRs7ZhlLV1/Yu9zGBRhw==",
      "cpu": [
        "x64"
      ],
      "dev": true,
      "optional": true,
      "os": [
        "darwin"
      ]
    },
    "node_modules/turbo-darwin-arm64": {
      "version": "1.10.6",
      "resolved": "https://registry.npmjs.org/turbo-darwin-arm64/-/turbo-darwin-arm64-1.10.6.tgz",
      "integrity": "sha512-tgl70t5PBLyRcNTdP9N6NjvdvQ5LUk8Z60JGUhBhnc+oCOdA4pltrDJNPyel3tQAXXt1dDpl8pp9vUrbwoVyGg==",
      "cpu": [
        "arm64"
      ],
      "dev": true,
      "optional": true,
      "os": [
        "darwin"
      ]
    },
    "node_modules/turbo-linux-64": {
      "version": "1.10.6",
      "resolved": "https://registry.npmjs.org/turbo-linux-64/-/turbo-linux-64-1.10.6.tgz",
      "integrity": "sha512-h7eyAA3xtAVpamcYJYUwe0xm0LWdbv7/I7QiM09AZ67TTNpyUgqW8giFN3h793BHEQ2Rcnk9FNkpIbjWBbyamg==",
      "cpu": [
        "x64"
      ],
      "dev": true,
      "optional": true,
      "os": [
        "linux"
      ]
    },
    "node_modules/turbo-linux-arm64": {
      "version": "1.10.6",
      "resolved": "https://registry.npmjs.org/turbo-linux-arm64/-/turbo-linux-arm64-1.10.6.tgz",
      "integrity": "sha512-8cZhOeLqu3QZ27yLd6bw4FNaB8y5pLdWeRLJeiWHkIb/cptKnRKJFP+keBJzJi8ovaMqdBpabrxiBRN2lhau5Q==",
      "cpu": [
        "arm64"
      ],
      "dev": true,
      "optional": true,
      "os": [
        "linux"
      ]
    },
    "node_modules/turbo-windows-64": {
      "version": "1.10.6",
      "resolved": "https://registry.npmjs.org/turbo-windows-64/-/turbo-windows-64-1.10.6.tgz",
      "integrity": "sha512-qx5jcfCJodN1Mh0KtSVQau7pK8CxDvtif7+joPHI2HbQPAADgdUl0LHfA5tFHh6aWgfvhxbvIXqJd6v7Mqkj9g==",
      "cpu": [
        "x64"
      ],
      "dev": true,
      "optional": true,
      "os": [
        "win32"
      ]
    },
    "node_modules/turbo-windows-arm64": {
      "version": "1.10.6",
      "resolved": "https://registry.npmjs.org/turbo-windows-arm64/-/turbo-windows-arm64-1.10.6.tgz",
      "integrity": "sha512-vTQaRG3/s2XTreOBr6J9HKFtjzusvwGQg0GtuW2+9Z7fizdzP8MuhaDbN6FhKHcWC81PQPD61TBIKTVTsYOEZg==",
      "cpu": [
        "arm64"
      ],
      "dev": true,
      "optional": true,
      "os": [
        "win32"
      ]
    }
  },
  "dependencies": {
    "turbo": {
      "version": "1.10.6",
      "resolved": "https://registry.npmjs.org/turbo/-/turbo-1.10.6.tgz",
      "integrity": "sha512-0/wbjw4HvmPP1abVWHTdeFRfCA9cn5oxCPP5bDixagLzvDgGWE3xfdlsyGmq779Ekr9vjtDPgC2Y4JlXEhyryw==",
      "dev": true,
      "requires": {
        "turbo-darwin-64": "1.10.6",
        "turbo-darwin-arm64": "1.10.6",
        "turbo-linux-64": "1.10.6",
        "turbo-linux-arm64": "1.10.6",
        "turbo-windows-64": "1.10.6",
        "turbo-windows-arm64": "1.10.6"
      }
    },
    "turbo-darwin-64": {
      "version": "1.10.6",
      "resolved": "https://registry.npmjs.org/turbo-darwin-64/-/turbo-darwin-64-1.10.6.tgz",
      "integrity": "sha512-s2Gc7i9Ud+H9GDcrGJjPIyscJfzDGQ6il4Sl2snfvwngJs4/TaqKuBoX3HNt/7F4NiFRs7ZhlLV1/Yu9zGBRhw==",
      "dev": true,
      "optional": true
    },
    "turbo-darwin-arm64": {
      "version": "1.10.6",
      "resolved": "https://registry.npmjs.org/turbo-darwin-arm64/-/turbo-darwin-arm64-1.10.6.tgz",
      "integrity": "sha512-tgl70t5PBLyRcNTdP9N6NjvdvQ5LUk8Z60JGUhBhnc+oCOdA4pltrDJNPyel3tQAXXt1dDpl8pp9vUrbwoVyGg==",
      "dev": true,
      "optional": true
    },
    "turbo-linux-64": {
      "version": "1.10.6",
      "resolved": "https://registry.npmjs.org/turbo-linux-64/-/turbo-linux-64-1.10.6.tgz",
      "integrity": "sha512-h7eyAA3xtAVpamcYJYUwe0xm0LWdbv7/I7QiM09AZ67TTNpyUgqW8giFN3h793BHEQ2Rcnk9FNkpIbjWBbyamg==",
      "dev": true,
      "optional": true
    },
    "turbo-linux-arm64": {
      "version": "1.10.6",
      "resolved": "https://registry.npmjs.org/turbo-linux-arm64/-/turbo-linux-arm64-1.10.6.tgz",
      "integrity": "sha512-8cZhOeLqu3QZ27yLd6bw4FNaB8y5pLdWeRLJeiWHkIb/cptKnRKJFP+keBJzJi8ovaMqdBpabrxiBRN2lhau5Q==",
      "dev": true,
      "optional": true
    },
    "turbo-windows-64": {
      "version": "1.10.6",
      "resolved": "https://registry.npmjs.org/turbo-windows-64/-/turbo-windows-64-1.10.6.tgz",
      "integrity": "sha512-qx5jcfCJodN1Mh0KtSVQau7pK8CxDvtif7+joPHI2HbQPAADgdUl0LHfA5tFHh6aWgfvhxbvIXqJd6v7Mqkj9g==",
      "dev": true,
      "optional": true
    },
    "turbo-windows-arm64": {
      "version": "1.10.6",
      "resolved": "https://registry.npmjs.org/turbo-windows-arm64/-/turbo-windows-arm64-1.10.6.tgz",
      "integrity": "sha512-vTQaRG3/s2XTreOBr6J9HKFtjzusvwGQg0GtuW2+9Z7fizdzP8MuhaDbN6FhKHcWC81PQPD61TBIKTVTsYOEZg==",
      "dev": true,
      "optional": true
    }
  }
}
